# This file is generated by running "yarn install" inside your project.
# Manual changes might be lost - proceed with caution!

__metadata:
  version: 9
  cacheKey: 10c0

"@docmd/api@npm:^0.8.2":
  version: 0.8.2
  resolution: "@docmd/api@npm:0.8.2"
  dependencies:
    "@docmd/engine-js": "npm:^0.8.2"
    "@docmd/engine-rust": "npm:^0.8.2"
    "@docmd/parser": "npm:^0.8.2"
    "@docmd/tui": "npm:^0.8.2"
  dependenciesMeta:
    "@docmd/engine-js":
      optional: true
    "@docmd/engine-rust":
      optional: true
  checksum: 10c0/8cad3daddb3a64c60d264cd30b8dbf9270da94342be6776f39b1c51a191aa8dde71f10fb3cf290a02916a9b1f31d2bb1344fac2858730d99b08f8af19790e014
  languageName: node
  linkType: hard

"@docmd/core@npm:^0.8.2":
  version: 0.8.2
  resolution: "@docmd/core@npm:0.8.2"
  dependencies:
    "@docmd/api": "npm:^0.8.2"
    "@docmd/live": "npm:^0.8.2"
    "@docmd/parser": "npm:^0.8.2"
    "@docmd/plugin-analytics": "npm:^0.8.2"
    "@docmd/plugin-git": "npm:^0.8.2"
    "@docmd/plugin-installer": "npm:^0.8.2"
    "@docmd/plugin-llms": "npm:^0.8.2"
    "@docmd/plugin-mermaid": "npm:^0.8.2"
    "@docmd/plugin-openapi": "npm:^0.8.2"
    "@docmd/plugin-pwa": "npm:^0.8.2"
    "@docmd/plugin-search": "npm:^0.8.2"
    "@docmd/plugin-seo": "npm:^0.8.2"
    "@docmd/plugin-sitemap": "npm:^0.8.2"
    "@docmd/themes": "npm:^0.8.2"
    "@docmd/tui": "npm:^0.8.2"
    "@docmd/ui": "npm:^0.8.2"
    "@docmd/utils": "npm:^0.8.2"
    esbuild: "npm:^0.28.0"
    ws: "npm:^8.20.1"
  bin:
    docmd: dist/bin/docmd.js
  checksum: 10c0/c36795c4638b9ea10f35fb9d3a74b833e746184abfc51f5dd54bdfc15408628abdf81d6049939080ee21f42a96f8c3effafdb78639a61de258992b1d7e3f9f51
  languageName: node
  linkType: hard

"@docmd/engine-js@npm:^0.8.2":
  version: 0.8.2
  resolution: "@docmd/engine-js@npm:0.8.2"
  checksum: 10c0/f22751a5a88a3a30502e0c5979d7a63037bd290e870e782d3f46078ad1ac761cce9f4a49f6509b665f3eb4cb47c9a5903c70ce606dffcff4e3ebff39fbea85c2
  languageName: node
  linkType: hard

"@docmd/engine-rust@npm:^0.8.2":
  version: 0.8.2
  resolution: "@docmd/engine-rust@npm:0.8.2"
  checksum: 10c0/0e90987f222e90ebb69d6bf6822a267b258a61fd5ce2230bf44adb1b13033fee9e4ca1f68d5e196bf0faf867a881fc50795334b14f114c0d4173c375d5798afc
  languageName: node
  linkType: hard

"@docmd/live@npm:^0.8.2":
  version: 0.8.2
  resolution: "@docmd/live@npm:0.8.2"
  dependencies:
    "@docmd/parser": "npm:^0.8.2"
    "@docmd/plugin-math": "npm:^0.8.2"
    "@docmd/plugin-mermaid": "npm:^0.8.2"
    "@docmd/themes": "npm:^0.8.2"
    "@docmd/tui": "npm:^0.8.2"
    "@docmd/ui": "npm:^0.8.2"
    buffer: "npm:^6.0.3"
    esbuild: "npm:^0.28.0"
    katex: "npm:^0.16.46"
    markdown-it-texmath: "npm:^1.0.0"
  bin:
    docmd-live: bin/docmd-live.js
  checksum: 10c0/aa7a6e3e9cf412c346b090478a0800ba487607eed478bcbf7970e24cd929859021ab18d2970e14ee96ee595d448c8ccffba7d3e24b47ddff7470bc1399054689
  languageName: node
  linkType: hard

"@docmd/parser@npm:^0.8.2":
  version: 0.8.2
  resolution: "@docmd/parser@npm:0.8.2"
  dependencies:
    "@docmd/tui": "npm:^0.8.2"
    embed-lite: "npm:^0.1.4"
    lite-hl: "npm:^0.1.2"
    lite-matter: "npm:^0.1.1"
    lite-template: "npm:^0.1.2"
    lucide-static: "npm:^0.577.0"
    markdown-it: "npm:^14.1.1"
    markdown-it-abbr: "npm:^1.0.4"
    markdown-it-attrs: "npm:^4.3.1"
    markdown-it-deflist: "npm:^2.1.0"
    markdown-it-emoji: "npm:^2.0.2"
    markdown-it-footnote: "npm:^3.0.3"
    markdown-it-task-lists: "npm:^2.1.1"
  checksum: 10c0/e8775997bb6cf4c2ca635f7a61b67b421bd7cdaaf2ad2d784815d7635ae9a592927f241783658351ff8b7a6b0060e353c532ef956e46aadb725f3c3ee8977d79
  languageName: node
  linkType: hard

"@docmd/plugin-analytics@npm:^0.8.2":
  version: 0.8.2
  resolution: "@docmd/plugin-analytics@npm:0.8.2"
  checksum: 10c0/06ff1d85cb7be94bee3db41448ebc6c4adb1e60955fdfd8472fe006546d8edd5e94c6debf8d40ff766d82e19c32219eed4ffbfe7258510b2d3e48694f588e10c
  languageName: node
  linkType: hard

"@docmd/plugin-git@npm:^0.8.2":
  version: 0.8.2
  resolution: "@docmd/plugin-git@npm:0.8.2"
  peerDependencies:
    "@docmd/api": ^0.8.2
  checksum: 10c0/8f8068cc6913f44ab92f1576c5c01afc6d109631eb514a4cccd92ee45c95af760454f7fdb754dfb0003f844ada523436ee06de870ccbe376801607daf748f0be
  languageName: node
  linkType: hard

"@docmd/plugin-installer@npm:^0.8.2":
  version: 0.8.2
  resolution: "@docmd/plugin-installer@npm:0.8.2"
  dependencies:
    "@docmd/api": "npm:^0.8.2"
  checksum: 10c0/9a02f85946f81ac888d36ef0aadeabf95d2994f5bd910e98963bb4b244e9eefd6b2e6e3b48b58330d5af7706d37c0a6ccefdb4a471e24334f4378bb428030dad
  languageName: node
  linkType: hard

"@docmd/plugin-llms@npm:^0.8.2":
  version: 0.8.2
  resolution: "@docmd/plugin-llms@npm:0.8.2"
  checksum: 10c0/ffdac53bd7f4239b20e97b9b7c1f30880fe6c14bb70ed01033ba0764e99c71b35289f29aa98af604086acaeea596c8d37f8531cd04c14d9c4d7e168656b6c138
  languageName: node
  linkType: hard

"@docmd/plugin-math@npm:^0.8.2":
  version: 0.8.2
  resolution: "@docmd/plugin-math@npm:0.8.2"
  dependencies:
    katex: "npm:^0.16.46"
    markdown-it-texmath: "npm:^1.0.0"
  checksum: 10c0/0aa19802f88eb4e0f8cdf54740861a9eade03c74d36e0b1b09eb233569a6c253d0f5711f249efabee61be5a724ce175f9d48afcb8176ff4dc4256c8593f760b6
  languageName: node
  linkType: hard

"@docmd/plugin-mermaid@npm:^0.8.2":
  version: 0.8.2
  resolution: "@docmd/plugin-mermaid@npm:0.8.2"
  checksum: 10c0/2caa8c9e2be6deec31a111dc1c7f7b1faa0396dd165e8d3b611f4410004ff1f5ff118695dba8a253cb34288208d6a22c222d701b44b06585a6b71daf3e698a9a
  languageName: node
  linkType: hard

"@docmd/plugin-openapi@npm:^0.8.2":
  version: 0.8.2
  resolution: "@docmd/plugin-openapi@npm:0.8.2"
  peerDependencies:
    "@docmd/api": ^0.8.2
  checksum: 10c0/eee86d96a7be773289bf31b750c6f52cc1e5c8f4a9fabeb198fac157833aafa25299f72064c8f307d83257d1ba4a9e6dca2aa61df621f3db466b75f2b7dae9be
  languageName: node
  linkType: hard

"@docmd/plugin-pwa@npm:^0.8.2":
  version: 0.8.2
  resolution: "@docmd/plugin-pwa@npm:0.8.2"
  checksum: 10c0/47b58eb204ce704b980d2fd5c7af9b86d16896e45fac4ec9f781a0274497207e39dba6f79d908051f63452b489bd6f74487b23ac28edffc9111da2578b518e92
  languageName: node
  linkType: hard

"@docmd/plugin-search@npm:^0.8.2":
  version: 0.8.2
  resolution: "@docmd/plugin-search@npm:0.8.2"
  dependencies:
    minisearch: "npm:^7.2.0"
  checksum: 10c0/1460641242cda3c631372cb308e3ec8be158672cb46e11113fcdb25029b51d823e27c8682840a4fa67225c7e68ef23f11c84a256b6e5648c89d24b84a8bd45dd
  languageName: node
  linkType: hard

"@docmd/plugin-seo@npm:^0.8.2":
  version: 0.8.2
  resolution: "@docmd/plugin-seo@npm:0.8.2"
  checksum: 10c0/b77478cd194687ec987f889181695c9e99d2498e0cffc7bfc8a74c5572a4374f2193fba433b998972393ed1b363b019a9ae172d6c2f1f0d3a954c6e1a9d7f62d
  languageName: node
  linkType: hard

"@docmd/plugin-sitemap@npm:^0.8.2":
  version: 0.8.2
  resolution: "@docmd/plugin-sitemap@npm:0.8.2"
  checksum: 10c0/8e29958dc995a0eb04a120fc7203cf24a72ae727088661057e8da3dd1fc4bb532c42879b6ab9ba1d9af06935f5201d937ed12054ab9374c0b7bbded0d63fee46
  languageName: node
  linkType: hard

"@docmd/themes@npm:^0.8.2":
  version: 0.8.2
  resolution: "@docmd/themes@npm:0.8.2"
  checksum: 10c0/4ae027738a272dace32db66b9c0588604033c4954836c708609699339fbce30a8ebbc3beff81d9401cb33ba8481c53b8c292f4dead36f59a54c5f5ab0f9e3495
  languageName: node
  linkType: hard

"@docmd/tui@npm:^0.8.2":
  version: 0.8.2
  resolution: "@docmd/tui@npm:0.8.2"
  dependencies:
    chalk: "npm:^4.1.2"
  checksum: 10c0/e28a13b319feb64845fb64123864fef688c3818854bbc5e9d6c92e68d8cc0054a7cbe912411b281cafe25e60003491ed2bc2442e0df4990aa60473bb9ec29b1b
  languageName: node
  linkType: hard

"@docmd/ui@npm:^0.8.2":
  version: 0.8.2
  resolution: "@docmd/ui@npm:0.8.2"
  checksum: 10c0/f55a55469471b07e6a4e8d6091420745abc747e124ea1bb68d7526507523aa5e062e2bfcb84dcab3fa8fc3e63e546ba8dfca7db97e6490ae67a34a9d73e3425f
  languageName: node
  linkType: hard

"@docmd/utils@npm:^0.8.2":
  version: 0.8.2
  resolution: "@docmd/utils@npm:0.8.2"
  checksum: 10c0/ea36b1ef4382ba1111b952effaaa345fd63f92bebcc99f265015342879dbe3b5c81e8103bf431d7de5aace0b412d897a3e349b81da24ecba004f2b57a44347a8
  languageName: node
  linkType: hard

"@esbuild/aix-ppc64@npm:0.28.0":
  version: 0.28.0
  resolution: "@esbuild/aix-ppc64@npm:0.28.0"
  conditions: os=aix & cpu=ppc64
  languageName: node
  linkType: hard

"@esbuild/android-arm64@npm:0.28.0":
  version: 0.28.0
  resolution: "@esbuild/android-arm64@npm:0.28.0"
  conditions: os=android & cpu=arm64
  languageName: node
  linkType: hard

"@esbuild/android-arm@npm:0.28.0":
  version: 0.28.0
  resolution: "@esbuild/android-arm@npm:0.28.0"
  conditions: os=android & cpu=arm
  languageName: node
  linkType: hard

"@esbuild/android-x64@npm:0.28.0":
  version: 0.28.0
  resolution: "@esbuild/android-x64@npm:0.28.0"
  conditions: os=android & cpu=x64
  languageName: node
  linkType: hard

"@esbuild/darwin-arm64@npm:0.28.0":
  version: 0.28.0
  resolution: "@esbuild/darwin-arm64@npm:0.28.0"
  conditions: os=darwin & cpu=arm64
  languageName: node
  linkType: hard

"@esbuild/darwin-x64@npm:0.28.0":
  version: 0.28.0
  resolution: "@esbuild/darwin-x64@npm:0.28.0"
  conditions: os=darwin & cpu=x64
  languageName: node
  linkType: hard

"@esbuild/freebsd-arm64@npm:0.28.0":
  version: 0.28.0
  resolution: "@esbuild/freebsd-arm64@npm:0.28.0"
  conditions: os=freebsd & cpu=arm64
  languageName: node
  linkType: hard

"@esbuild/freebsd-x64@npm:0.28.0":
  version: 0.28.0
  resolution: "@esbuild/freebsd-x64@npm:0.28.0"
  conditions: os=freebsd & cpu=x64
  languageName: node
  linkType: hard

"@esbuild/linux-arm64@npm:0.28.0":
  version: 0.28.0
  resolution: "@esbuild/linux-arm64@npm:0.28.0"
  conditions: os=linux & cpu=arm64
  languageName: node
  linkType: hard

"@esbuild/linux-arm@npm:0.28.0":
  version: 0.28.0
  resolution: "@esbuild/linux-arm@npm:0.28.0"
  conditions: os=linux & cpu=arm
  languageName: node
  linkType: hard

"@esbuild/linux-ia32@npm:0.28.0":
  version: 0.28.0
  resolution: "@esbuild/linux-ia32@npm:0.28.0"
  conditions: os=linux & cpu=ia32
  languageName: node
  linkType: hard

"@esbuild/linux-loong64@npm:0.28.0":
  version: 0.28.0
  resolution: "@esbuild/linux-loong64@npm:0.28.0"
  conditions: os=linux & cpu=loong64
  languageName: node
  linkType: hard

"@esbuild/linux-mips64el@npm:0.28.0":
  version: 0.28.0
  resolution: "@esbuild/linux-mips64el@npm:0.28.0"
  conditions: os=linux & cpu=mips64el
  languageName: node
  linkType: hard

"@esbuild/linux-ppc64@npm:0.28.0":
  version: 0.28.0
  resolution: "@esbuild/linux-ppc64@npm:0.28.0"
  conditions: os=linux & cpu=ppc64
  languageName: node
  linkType: hard

"@esbuild/linux-riscv64@npm:0.28.0":
  version: 0.28.0
  resolution: "@esbuild/linux-riscv64@npm:0.28.0"
  conditions: os=linux & cpu=riscv64
  languageName: node
  linkType: hard

"@esbuild/linux-s390x@npm:0.28.0":
  version: 0.28.0
  resolution: "@esbuild/linux-s390x@npm:0.28.0"
  conditions: os=linux & cpu=s390x
  languageName: node
  linkType: hard

"@esbuild/linux-x64@npm:0.28.0":
  version: 0.28.0
  resolution: "@esbuild/linux-x64@npm:0.28.0"
  conditions: os=linux & cpu=x64
  languageName: node
  linkType: hard

"@esbuild/netbsd-arm64@npm:0.28.0":
  version: 0.28.0
  resolution: "@esbuild/netbsd-arm64@npm:0.28.0"
  conditions: os=netbsd & cpu=arm64
  languageName: node
  linkType: hard

"@esbuild/netbsd-x64@npm:0.28.0":
  version: 0.28.0
  resolution: "@esbuild/netbsd-x64@npm:0.28.0"
  conditions: os=netbsd & cpu=x64
  languageName: node
  linkType: hard

"@esbuild/openbsd-arm64@npm:0.28.0":
  version: 0.28.0
  resolution: "@esbuild/openbsd-arm64@npm:0.28.0"
  conditions: os=openbsd & cpu=arm64
  languageName: node
  linkType: hard

"@esbuild/openbsd-x64@npm:0.28.0":
  version: 0.28.0
  resolution: "@esbuild/openbsd-x64@npm:0.28.0"
  conditions: os=openbsd & cpu=x64
  languageName: node
  linkType: hard

"@esbuild/openharmony-arm64@npm:0.28.0":
  version: 0.28.0
  resolution: "@esbuild/openharmony-arm64@npm:0.28.0"
  conditions: os=openharmony & cpu=arm64
  languageName: node
  linkType: hard

"@esbuild/sunos-x64@npm:0.28.0":
  version: 0.28.0
  resolution: "@esbuild/sunos-x64@npm:0.28.0"
  conditions: os=sunos & cpu=x64
  languageName: node
  linkType: hard

"@esbuild/win32-arm64@npm:0.28.0":
  version: 0.28.0
  resolution: "@esbuild/win32-arm64@npm:0.28.0"
  conditions: os=win32 & cpu=arm64
  languageName: node
  linkType: hard

"@esbuild/win32-ia32@npm:0.28.0":
  version: 0.28.0
  resolution: "@esbuild/win32-ia32@npm:0.28.0"
  conditions: os=win32 & cpu=ia32
  languageName: node
  linkType: hard

"@esbuild/win32-x64@npm:0.28.0":
  version: 0.28.0
  resolution: "@esbuild/win32-x64@npm:0.28.0"
  conditions: os=win32 & cpu=x64
  languageName: node
  linkType: hard

"ansi-styles@npm:^4.1.0":
  version: 4.3.0
  resolution: "ansi-styles@npm:4.3.0"
  dependencies:
    color-convert: "npm:^2.0.1"
  checksum: 10c0/895a23929da416f2bd3de7e9cb4eabd340949328ab85ddd6e484a637d8f6820d485f53933446f5291c3b760cbc488beb8e88573dd0f9c7daf83dccc8fe81b041
  languageName: node
  linkType: hard

"argparse@npm:^2.0.1":
  version: 2.0.1
  resolution: "argparse@npm:2.0.1"
  checksum: 10c0/c5640c2d89045371c7cedd6a70212a04e360fd34d6edeae32f6952c63949e3525ea77dbec0289d8213a99bbaeab5abfa860b5c12cf88a2e6cf8106e90dd27a7e
  languageName: node
  linkType: hard

"base64-js@npm:^1.3.1":
  version: 1.5.1
  resolution: "base64-js@npm:1.5.1"
  checksum: 10c0/f23823513b63173a001030fae4f2dabe283b99a9d324ade3ad3d148e218134676f1ee8568c877cd79ec1c53158dcf2d2ba527a97c606618928ba99dd930102bf
  languageName: node
  linkType: hard

"buffer@npm:^6.0.3":
  version: 6.0.3
  resolution: "buffer@npm:6.0.3"
  dependencies:
    base64-js: "npm:^1.3.1"
    ieee754: "npm:^1.2.1"
  checksum: 10c0/2a905fbbcde73cc5d8bd18d1caa23715d5f83a5935867c2329f0ac06104204ba7947be098fe1317fbd8830e26090ff8e764f08cd14fefc977bb248c3487bcbd0
  languageName: node
  linkType: hard

"chalk@npm:^4.1.2":
  version: 4.1.2
  resolution: "chalk@npm:4.1.2"
  dependencies:
    ansi-styles: "npm:^4.1.0"
    supports-color: "npm:^7.1.0"
  checksum: 10c0/4a3fef5cc34975c898ffe77141450f679721df9dde00f6c304353fa9c8b571929123b26a0e4617bde5018977eb655b31970c297b91b63ee83bb82aeb04666880
  languageName: node
  linkType: hard

"color-convert@npm:^2.0.1":
  version: 2.0.1
  resolution: "color-convert@npm:2.0.1"
  dependencies:
    color-name: "npm:~1.1.4"
  checksum: 10c0/37e1150172f2e311fe1b2df62c6293a342ee7380da7b9cfdba67ea539909afbd74da27033208d01d6d5cfc65ee7868a22e18d7e7648e004425441c0f8a15a7d7
  languageName: node
  linkType: hard

"color-name@npm:~1.1.4":
  version: 1.1.4
  resolution: "color-name@npm:1.1.4"
  checksum: 10c0/a1a3f914156960902f46f7f56bc62effc6c94e84b2cae157a526b1c1f74b677a47ec602bf68a61abfa2b42d15b7c5651c6dbe72a43af720bc588dff885b10f95
  languageName: node
  linkType: hard

"commander@npm:^8.3.0":
  version: 8.3.0
  resolution: "commander@npm:8.3.0"
  checksum: 10c0/8b043bb8322ea1c39664a1598a95e0495bfe4ca2fad0d84a92d7d1d8d213e2a155b441d2470c8e08de7c4a28cf2bc6e169211c49e1b21d9f7edc6ae4d9356060
  languageName: node
  linkType: hard

"embed-lite@npm:^0.1.4":
  version: 0.1.4
  resolution: "embed-lite@npm:0.1.4"
  checksum: 10c0/316e0d5cb3aa178d87e5b785670008c376e8a10286bc673906286f9422b1eada6e7d2ed2910d25c7d340fbe71c5f39dfa91ca600bd363ed7095712c454a78d12
  languageName: node
  linkType: hard

"entities@npm:^4.4.0":
  version: 4.5.0
  resolution: "entities@npm:4.5.0"
  checksum: 10c0/5b039739f7621f5d1ad996715e53d964035f75ad3b9a4d38c6b3804bb226e282ffeae2443624d8fdd9c47d8e926ae9ac009c54671243f0c3294c26af7cc85250
  languageName: node
  linkType: hard

"esbuild@npm:^0.28.0":
  version: 0.28.0
  resolution: "esbuild@npm:0.28.0"
  dependencies:
    "@esbuild/aix-ppc64": "npm:0.28.0"
    "@esbuild/android-arm": "npm:0.28.0"
    "@esbuild/android-arm64": "npm:0.28.0"
    "@esbuild/android-x64": "npm:0.28.0"
    "@esbuild/darwin-arm64": "npm:0.28.0"
    "@esbuild/darwin-x64": "npm:0.28.0"
    "@esbuild/freebsd-arm64": "npm:0.28.0"
    "@esbuild/freebsd-x64": "npm:0.28.0"
    "@esbuild/linux-arm": "npm:0.28.0"
    "@esbuild/linux-arm64": "npm:0.28.0"
    "@esbuild/linux-ia32": "npm:0.28.0"
    "@esbuild/linux-loong64": "npm:0.28.0"
    "@esbuild/linux-mips64el": "npm:0.28.0"
    "@esbuild/linux-ppc64": "npm:0.28.0"
    "@esbuild/linux-riscv64": "npm:0.28.0"
    "@esbuild/linux-s390x": "npm:0.28.0"
    "@esbuild/linux-x64": "npm:0.28.0"
    "@esbuild/netbsd-arm64": "npm:0.28.0"
    "@esbuild/netbsd-x64": "npm:0.28.0"
    "@esbuild/openbsd-arm64": "npm:0.28.0"
    "@esbuild/openbsd-x64": "npm:0.28.0"
    "@esbuild/openharmony-arm64": "npm:0.28.0"
    "@esbuild/sunos-x64": "npm:0.28.0"
    "@esbuild/win32-arm64": "npm:0.28.0"
    "@esbuild/win32-ia32": "npm:0.28.0"
    "@esbuild/win32-x64": "npm:0.28.0"
  dependenciesMeta:
    "@esbuild/aix-ppc64":
      optional: true
    "@esbuild/android-arm":
      optional: true
    "@esbuild/android-arm64":
      optional: true
    "@esbuild/android-x64":
      optional: true
    "@esbuild/darwin-arm64":
      optional: true
    "@esbuild/darwin-x64":
      optional: true
    "@esbuild/freebsd-arm64":
      optional: true
    "@esbuild/freebsd-x64":
      optional: true
    "@esbuild/linux-arm":
      optional: true
    "@esbuild/linux-arm64":
      optional: true
    "@esbuild/linux-ia32":
      optional: true
    "@esbuild/linux-loong64":
      optional: true
    "@esbuild/linux-mips64el":
      optional: true
    "@esbuild/linux-ppc64":
      optional: true
    "@esbuild/linux-riscv64":
      optional: true
    "@esbuild/linux-s390x":
      optional: true
    "@esbuild/linux-x64":
      optional: true
    "@esbuild/netbsd-arm64":
      optional: true
    "@esbuild/netbsd-x64":
      optional: true
    "@esbuild/openbsd-arm64":
      optional: true
    "@esbuild/openbsd-x64":
      optional: true
    "@esbuild/openharmony-arm64":
      optional: true
    "@esbuild/sunos-x64":
      optional: true
    "@esbuild/win32-arm64":
      optional: true
    "@esbuild/win32-ia32":
      optional: true
    "@esbuild/win32-x64":
      optional: true
  bin:
    esbuild: bin/esbuild
  checksum: 10c0/8acd95c238ec6c4a9d16163277faf228a8994b642d187b3fe667ffbb469008e6748cde144fdc3c175bf8e78ee49e15a0ed9b9f183fdb5fcea1772f87fb1372a4
  languageName: node
  linkType: hard

"has-flag@npm:^4.0.0":
  version: 4.0.0
  resolution: "has-flag@npm:4.0.0"
  checksum: 10c0/2e789c61b7888d66993e14e8331449e525ef42aac53c627cc53d1c3334e768bcb6abdc4f5f0de1478a25beec6f0bd62c7549058b7ac53e924040d4f301f02fd1
  languageName: node
  linkType: hard

"ieee754@npm:^1.2.1":
  version: 1.2.1
  resolution: "ieee754@npm:1.2.1"
  checksum: 10c0/b0782ef5e0935b9f12883a2e2aa37baa75da6e66ce6515c168697b42160807d9330de9a32ec1ed73149aea02e0d822e572bca6f1e22bdcbd2149e13b050b17bb
  languageName: node
  linkType: hard

"katex@npm:^0.16.46":
  version: 0.16.46
  resolution: "katex@npm:0.16.46"
  dependencies:
    commander: "npm:^8.3.0"
  bin:
    katex: cli.js
  checksum: 10c0/c0a1006e0decae978832cfe19c4e316eceebb047dc0f918be041c956b67fd35791a6e0a868ef5f51eaf600d2c62e53114dbc94a34a89e11f95fcf24b0abd2d5f
  languageName: node
  linkType: hard

"linkify-it@npm:^5.0.0":
  version: 5.0.0
  resolution: "linkify-it@npm:5.0.0"
  dependencies:
    uc.micro: "npm:^2.0.0"
  checksum: 10c0/ff4abbcdfa2003472fc3eb4b8e60905ec97718e11e33cca52059919a4c80cc0e0c2a14d23e23d8c00e5402bc5a885cdba8ca053a11483ab3cc8b3c7a52f88e2d
  languageName: node
  linkType: hard

"lite-hl@npm:^0.1.2":
  version: 0.1.2
  resolution: "lite-hl@npm:0.1.2"
  checksum: 10c0/56c1c0fad21cb44f65315cf04c002dfbdba1ad3d8c11eb8e34d009e665944596a3d070d42748559d816b9f247fa1938c4b7eaf9df460e3df2259a15f04f8bb25
  languageName: node
  linkType: hard

"lite-matter@npm:^0.1.1":
  version: 0.1.1
  resolution: "lite-matter@npm:0.1.1"
  dependencies:
    yaml: "npm:^2.4.2"
  checksum: 10c0/10eac17650533023f4c27d4aad9333f33ff13ae7df24b0cae6f3a8acca3a70b5804eaca14763186557b3f87483616d5133e4b6c85b326f2da29caac1a09bdacb
  languageName: node
  linkType: hard

"lite-template@npm:^0.1.2":
  version: 0.1.2
  resolution: "lite-template@npm:0.1.2"
  checksum: 10c0/a5094c73cdb85dff721ed28cd608f11d2b8be90ef6bbbb91c3480fef3c2d84a09b993a7983cd71f1aefbda8a88e320b808b027b56d9ab1f7c88aa0e53665bdb2
  languageName: node
  linkType: hard

"lucide-static@npm:^0.577.0":
  version: 0.577.0
  resolution: "lucide-static@npm:0.577.0"
  checksum: 10c0/1c5b0051b02e21a20a1c86daf75f0b3d03203f27c470b9969458d84c8bd3438a4d1416bcbaa4f642e01c84a4d54d8b84cb8b44d8ed297ceeeff0a6ecbc3bb5b2
  languageName: node
  linkType: hard

"markdown-it-abbr@npm:^1.0.4":
  version: 1.0.4
  resolution: "markdown-it-abbr@npm:1.0.4"
  checksum: 10c0/eb53187e6cc09d0561da228b7bd7d5cc1a8f1cfae9a2e2e82a6dd620e4a63e7abeeff16d532791269779ac88c6ebc2d950ffe5519d2656bc6d1e4de4e1c0db7f
  languageName: node
  linkType: hard

"markdown-it-attrs@npm:^4.3.1":
  version: 4.3.1
  resolution: "markdown-it-attrs@npm:4.3.1"
  peerDependencies:
    markdown-it: ">= 9.0.0"
  checksum: 10c0/78b6ef298ef43f2163e91f4dc25e907a29e3845384837e5d9e1adc5243091f296840c95adfaa56c28d446c972bb705308c2bb783257a7549f574d396a42e152f
  languageName: node
  linkType: hard

"markdown-it-deflist@npm:^2.1.0":
  version: 2.1.0
  resolution: "markdown-it-deflist@npm:2.1.0"
  checksum: 10c0/c311a5bb86d9f03396a93b672f1043582ecfb9299c4cdc831daa9046b3187830e9f2d124f5922a987b07de5012b5e2f59736ec9b396bf494995034c85165f185
  languageName: node
  linkType: hard

"markdown-it-emoji@npm:^2.0.2":
  version: 2.0.2
  resolution: "markdown-it-emoji@npm:2.0.2"
  checksum: 10c0/c22791a7e25b6b0d6f9fa6a9ed90d6d41dcb5751ffb5d2a811053c7400c37d2c9e0bbbc7b78d5449b36dc95e468177198e3431d9912c15970f729a95510d669d
  languageName: node
  linkType: hard

"markdown-it-footnote@npm:^3.0.3":
  version: 3.0.3
  resolution: "markdown-it-footnote@npm:3.0.3"
  checksum: 10c0/b765a47720dbabd76f8b9379de4c4ac5a7963fff6a0f509f081955f0e7e338255410befadabf028b084883858b1f0fff11469bfa19a6521f096fb1d3734b4a74
  languageName: node
  linkType: hard

"markdown-it-task-lists@npm:^2.1.1":
  version: 2.1.1
  resolution: "markdown-it-task-lists@npm:2.1.1"
  checksum: 10c0/4061df2d27184e77fbe2fe3549bd84c33f1cd8e7962aabe0724ba16d55950267b09dc56fbf24c52daf8ed9624a662fcba50990a1603575bd197db453047e54d0
  languageName: node
  linkType: hard

"markdown-it-texmath@npm:^1.0.0":
  version: 1.0.0
  resolution: "markdown-it-texmath@npm:1.0.0"
  checksum: 10c0/407d0eb6460e8d7d1ef01a59d53ada4866c5f5dbc5da07c9ea2917e0d1f3015d403c3f063998dadf5e6ebabafb9343f24b12fccf40f13d75dd1e0de66b65eafd
  languageName: node
  linkType: hard

"markdown-it@npm:^14.1.1":
  version: 14.1.1
  resolution: "markdown-it@npm:14.1.1"
  dependencies:
    argparse: "npm:^2.0.1"
    entities: "npm:^4.4.0"
    linkify-it: "npm:^5.0.0"
    mdurl: "npm:^2.0.0"
    punycode.js: "npm:^2.3.1"
    uc.micro: "npm:^2.1.0"
  bin:
    markdown-it: bin/markdown-it.mjs
  checksum: 10c0/c67f2a4c8069a307c78d8c15104bbcb15a2c6b17f4c904364ca218ec2eccf76a397eba1ea05f5ac5de72c4b67fcf115d422d22df0bfb86a09b663f55b9478d4f
  languageName: node
  linkType: hard

"mdurl@npm:^2.0.0":
  version: 2.0.0
  resolution: "mdurl@npm:2.0.0"
  checksum: 10c0/633db522272f75ce4788440669137c77540d74a83e9015666a9557a152c02e245b192edc20bc90ae953bbab727503994a53b236b4d9c99bdaee594d0e7dd2ce0
  languageName: node
  linkType: hard

"minisearch@npm:^7.2.0":
  version: 7.2.0
  resolution: "minisearch@npm:7.2.0"
  checksum: 10c0/64efaf30ead2acb19eb8be49c78352c527812dd2927a0981c9d666339d5d206d132b83038d2bfa756f5161cae5d98f15b07cc7e7b7be6b8278d35d2ecdc2628c
  languageName: node
  linkType: hard

"punycode.js@npm:^2.3.1":
  version: 2.3.1
  resolution: "punycode.js@npm:2.3.1"
  checksum: 10c0/1d12c1c0e06127fa5db56bd7fdf698daf9a78104456a6b67326877afc21feaa821257b171539caedd2f0524027fa38e67b13dd094159c8d70b6d26d2bea4dfdb
  languageName: node
  linkType: hard

"star-path-docs@workspace:.":
  version: 0.0.0-use.local
  resolution: "star-path-docs@workspace:."
  dependencies:
    "@docmd/core": "npm:^0.8.2"
  languageName: unknown
  linkType: soft

"supports-color@npm:^7.1.0":
  version: 7.2.0
  resolution: "supports-color@npm:7.2.0"
  dependencies:
    has-flag: "npm:^4.0.0"
  checksum: 10c0/afb4c88521b8b136b5f5f95160c98dee7243dc79d5432db7efc27efb219385bbc7d9427398e43dd6cc730a0f87d5085ce1652af7efbe391327bc0a7d0f7fc124
  languageName: node
  linkType: hard

"uc.micro@npm:^2.0.0, uc.micro@npm:^2.1.0":
  version: 2.1.0
  resolution: "uc.micro@npm:2.1.0"
  checksum: 10c0/8862eddb412dda76f15db8ad1c640ccc2f47cdf8252a4a30be908d535602c8d33f9855dfcccb8b8837855c1ce1eaa563f7fa7ebe3c98fd0794351aab9b9c55fa
  languageName: node
  linkType: hard

"ws@npm:^8.20.1":
  version: 8.20.1
  resolution: "ws@npm:8.20.1"
  peerDependencies:
    bufferutil: ^4.0.1
    utf-8-validate: ">=5.0.2"
  peerDependenciesMeta:
    bufferutil:
      optional: true
    utf-8-validate:
      optional: true
  checksum: 10c0/ce162433218399cdedeb76fd33363d4d86a7d910058d4e3c679dce08cea65d6da6b39f11baa4d7808d024cf46ed88f6a05c17611621aaad8fc5e62edacc30c5d
  languageName: node
  linkType: hard

"yaml@npm:^2.4.2":
  version: 2.8.4
  resolution: "yaml@npm:2.8.4"
  bin:
    yaml: bin.mjs
  checksum: 10c0/0a33a1fa28d4bc79f61a12ec7ef7a2bce0ce5f8e80c6eaecfb4a0c88c08767dd1ede372b6a3bcd70891213b8c9f3169b355c97e77026d3b3459e10d2cccaef1e
  languageName: node
  linkType: hard
